// !$*UTF8*$!
{
	archiveVersion = 1;
	classes = {
	};
	objectVersion = 56;
	objects = {

/* Begin PBXBuildFile section */
		1660EEA62C3EA48F001FE105 /* EnumOfFillings.swift in Sources */ = {isa = PBXBuildFile; fileRef = 1660EE8D2C3EA48F001FE105 /* EnumOfFillings.swift */; };
		1660EEA72C3EA48F001FE105 /* EnumOfShape.swift in Sources */ = {isa = PBXBuildFile; fileRef = 1660EE8E2C3EA48F001FE105 /* EnumOfShape.swift */; };
		1660EEA82C3EA48F001FE105 /* Preview Assets.xcassets in Resources */ = {isa = PBXBuildFile; fileRef = 1660EE902C3EA48F001FE105 /* Preview Assets.xcassets */; };
		1660EEA92C3EA48F001FE105 /* Diamonds.swift in Sources */ = {isa = PBXBuildFile; fileRef = 1660EE922C3EA48F001FE105 /* Diamonds.swift */; };
		1660EEAA2C3EA48F001FE105 /* Oval.swift in Sources */ = {isa = PBXBuildFile; fileRef = 1660EE932C3EA48F001FE105 /* Oval.swift */; };
		1660EEAB2C3EA48F001FE105 /* Waves.swift in Sources */ = {isa = PBXBuildFile; fileRef = 1660EE942C3EA48F001FE105 /* Waves.swift */; };
		1660EEAC2C3EA48F001FE105 /* AddButton.swift in Sources */ = {isa = PBXBuildFile; fileRef = 1660EE962C3EA48F001FE105 /* AddButton.swift */; };
		1660EEAD2C3EA48F001FE105 /* AspectVGrid.swift in Sources */ = {isa = PBXBuildFile; fileRef = 1660EE972C3EA48F001FE105 /* AspectVGrid.swift */; };
		1660EEAE2C3EA48F001FE105 /* CardView.swift in Sources */ = {isa = PBXBuildFile; fileRef = 1660EE982C3EA48F001FE105 /* CardView.swift */; };
		1660EEAF2C3EA48F001FE105 /* TheDeck.swift in Sources */ = {isa = PBXBuildFile; fileRef = 1660EE992C3EA48F001FE105 /* TheDeck.swift */; };
		1660EEB02C3EA48F001FE105 /* Assets.xcassets in Resources */ = {isa = PBXBuildFile; fileRef = 1660EE9B2C3EA48F001FE105 /* Assets.xcassets */; };
		1660EEB12C3EA48F001FE105 /* ContentView.swift in Sources */ = {isa = PBXBuildFile; fileRef = 1660EE9C2C3EA48F001FE105 /* ContentView.swift */; };
		1660EEB22C3EA48F001FE105 /* DOW_SetApp.swift in Sources */ = {isa = PBXBuildFile; fileRef = 1660EE9D2C3EA48F001FE105 /* DOW_SetApp.swift */; };
		1660EEB32C3EA48F001FE105 /* Model.swift in Sources */ = {isa = PBXBuildFile; fileRef = 1660EE9E2C3EA48F001FE105 /* Model.swift */; };
		1660EEB42C3EA48F001FE105 /* TheDeckBuilder.swift in Sources */ = {isa = PBXBuildFile; fileRef = 1660EE9F2C3EA48F001FE105 /* TheDeckBuilder.swift */; };
		1660EEB52C3EA48F001FE105 /* ViewModel.swift in Sources */ = {isa = PBXBuildFile; fileRef = 1660EEA02C3EA48F001FE105 /* ViewModel.swift */; };
/* End PBXBuildFile section */

/* Begin PBXFileReference section */
		1660EE7A2C3EA3DB001FE105 /* DOW-Set.app */ = {isa = PBXFileReference; explicitFileType = wrapper.application; includeInIndex = 0; path = "DOW-Set.app"; sourceTree = BUILT_PRODUCTS_DIR; };
		1660EE8D2C3EA48F001FE105 /* EnumOfFillings.swift */ = {isa = PBXFileReference; fileEncoding = 4; lastKnownFileType = sourcecode.swift; path = EnumOfFillings.swift; sourceTree = "<group>"; };
		1660EE8E2C3EA48F001FE105 /* EnumOfShape.swift */ = {isa = PBXFileReference; fileEncoding = 4; lastKnownFileType = sourcecode.swift; path = EnumOfShape.swift; sourceTree = "<group>"; };
		1660EE902C3EA48F001FE105 /* Preview Assets.xcassets */ = {isa = PBXFileReference; lastKnownFileType = folder.assetcatalog; path = "Preview Assets.xcassets"; sourceTree = "<group>"; };
		1660EE922C3EA48F001FE105 /* Diamonds.swift */ = {isa = PBXFileReference; fileEncoding = 4; lastKnownFileType = sourcecode.swift; path = Diamonds.swift; sourceTree = "<group>"; };
		1660EE932C3EA48F001FE105 /* Oval.swift */ = {isa = PBXFileReference; fileEncoding = 4; lastKnownFileType = sourcecode.swift; path = Oval.swift; sourceTree = "<group>"; };
		1660EE942C3EA48F001FE105 /* Waves.swift */ = {isa = PBXFileReference; fileEncoding = 4; lastKnownFileType = sourcecode.swift; path = Waves.swift; sourceTree = "<group>"; };
		1660EE962C3EA48F001FE105 /* AddButton.swift */ = {isa = PBXFileReference; fileEncoding = 4; lastKnownFileType = sourcecode.swift; path = AddButton.swift; sourceTree = "<group>"; };
		1660EE972C3EA48F001FE105 /* AspectVGrid.swift */ = {isa = PBXFileReference; fileEncoding = 4; lastKnownFileType = sourcecode.swift; path = AspectVGrid.swift; sourceTree = "<group>"; };
		1660EE982C3EA48F001FE105 /* CardView.swift */ = {isa = PBXFileReference; fileEncoding = 4; lastKnownFileType = sourcecode.swift; path = CardView.swift; sourceTree = "<group>"; };
		1660EE992C3EA48F001FE105 /* TheDeck.swift */ = {isa = PBXFileReference; fileEncoding = 4; lastKnownFileType = sourcecode.swift; path = TheDeck.swift; sourceTree = "<group>"; };
		1660EE9B2C3EA48F001FE105 /* Assets.xcassets */ = {isa = PBXFileReference; lastKnownFileType = folder.assetcatalog; path = Assets.xcassets; sourceTree = "<group>"; };
		1660EE9C2C3EA48F001FE105 /* ContentView.swift */ = {isa = PBXFileReference; fileEncoding = 4; lastKnownFileType = sourcecode.swift; path = ContentView.swift; sourceTree = "<group>"; };
		1660EE9D2C3EA48F001FE105 /* DOW_SetApp.swift */ = {isa = PBXFileReference; fileEncoding = 4; lastKnownFileType = sourcecode.swift; path = DOW_SetApp.swift; sourceTree = "<group>"; };
		1660EE9E2C3EA48F001FE105 /* Model.swift */ = {isa = PBXFileReference; fileEncoding = 4; lastKnownFileType = sourcecode.swift; path = Model.swift; sourceTree = "<group>"; };
		1660EE9F2C3EA48F001FE105 /* TheDeckBuilder.swift */ = {isa = PBXFileReference; fileEncoding = 4; lastKnownFileType = sourcecode.swift; path = TheDeckBuilder.swift; sourceTree = "<group>"; };
		1660EEA02C3EA48F001FE105 /* ViewModel.swift */ = {isa = PBXFileReference; fileEncoding = 4; lastKnownFileType = sourcecode.swift; path = ViewModel.swift; sourceTree = "<group>"; };
/* End PBXFileReference section */

/* Begin PBXFrameworksBuildPhase section */
		1660EE772C3EA3DB001FE105 /* Frameworks */ = {
			isa = PBXFrameworksBuildPhase;
			buildActionMask = 2147483647;
			files = (
			);
			runOnlyForDeploymentPostprocessing = 0;
		};
/* End PBXFrameworksBuildPhase section */

/* Begin PBXGroup section */
		1660EE712C3EA3DB001FE105 = {
			isa = PBXGroup;
			children = (
				1660EEA12C3EA48F001FE105 /* DOW-Set */,
				1660EE7B2C3EA3DB001FE105 /* Products */,
			);
			sourceTree = "<group>";
		};
		1660EE7B2C3EA3DB001FE105 /* Products */ = {
			isa = PBXGroup;
			children = (
				1660EE7A2C3EA3DB001FE105 /* DOW-Set.app */,
			);
			name = Products;
			sourceTree = "<group>";
		};
		1660EE8F2C3EA48F001FE105 /* Enum */ = {
			isa = PBXGroup;
			children = (
				1660EE8D2C3EA48F001FE105 /* EnumOfFillings.swift */,
				1660EE8E2C3EA48F001FE105 /* EnumOfShape.swift */,
			);
			path = Enum;
			sourceTree = "<group>";
		};
		1660EE912C3EA48F001FE105 /* Preview Content */ = {
			isa = PBXGroup;
			children = (
				1660EE902C3EA48F001FE105 /* Preview Assets.xcassets */,
			);
			path = "Preview Content";
			sourceTree = "<group>";
		};
		1660EE952C3EA48F001FE105 /* Shapes */ = {
			isa = PBXGroup;
			children = (
				1660EE922C3EA48F001FE105 /* Diamonds.swift */,
				1660EE932C3EA48F001FE105 /* Oval.swift */,
				1660EE942C3EA48F001FE105 /* Waves.swift */,
			);
			path = Shapes;
			sourceTree = "<group>";
		};
		1660EE9A2C3EA48F001FE105 /* Views */ = {
			isa = PBXGroup;
			children = (
				1660EE962C3EA48F001FE105 /* AddButton.swift */,
				1660EE972C3EA48F001FE105 /* AspectVGrid.swift */,
				1660EE982C3EA48F001FE105 /* CardView.swift */,
				1660EE992C3EA48F001FE105 /* TheDeck.swift */,
			);
			path = Views;
			sourceTree = "<group>";
		};
		1660EEA12C3EA48F001FE105 /* DOW-Set */ = {
			isa = PBXGroup;
			children = (
				1660EE8F2C3EA48F001FE105 /* Enum */,
				1660EE912C3EA48F001FE105 /* Preview Content */,
				1660EE952C3EA48F001FE105 /* Shapes */,
				1660EE9A2C3EA48F001FE105 /* Views */,
				1660EE9B2C3EA48F001FE105 /* Assets.xcassets */,
				1660EE9C2C3EA48F001FE105 /* ContentView.swift */,
				1660EE9D2C3EA48F001FE105 /* DOW_SetApp.swift */,
				1660EE9E2C3EA48F001FE105 /* Model.swift */,
				1660EE9F2C3EA48F001FE105 /* TheDeckBuilder.swift */,
				1660EEA02C3EA48F001FE105 /* ViewModel.swift */,
			);
			path = "DOW-Set";
			sourceTree = "<group>";
		};
/* End PBXGroup section */

/* Begin PBXNativeTarget section */
		1660EE792C3EA3DB001FE105 /* DOW-Set */ = {
			isa = PBXNativeTarget;
			buildConfigurationList = 1660EE882C3EA3DD001FE105 /* Build configuration list for PBXNativeTarget "DOW-Set" */;
			buildPhases = (
				1660EE762C3EA3DB001FE105 /* Sources */,
				1660EE772C3EA3DB001FE105 /* Frameworks */,
				1660EE782C3EA3DB001FE105 /* Resources */,
			);
			buildRules = (
			);
			dependencies = (
			);
			name = "DOW-Set";
			productName = "DOW-Set";
			productReference = 1660EE7A2C3EA3DB001FE105 /* DOW-Set.app */;
			productType = "com.apple.product-type.application";
		};
/* End PBXNativeTarget section */

/* Begin PBXProject section */
		1660EE722C3EA3DB001FE105 /* Project object */ = {
			isa = PBXProject;
			attributes = {
				BuildIndependentTargetsInParallel = 1;
				LastSwiftUpdateCheck = 1530;
				LastUpgradeCheck = 1530;
				TargetAttributes = {
					1660EE792C3EA3DB001FE105 = {
						CreatedOnToolsVersion = 15.3;
					};
				};
			};
			buildConfigurationList = 1660EE752C3EA3DB001FE105 /* Build configuration list for PBXProject "DOW-Set" */;
			compatibilityVersion = "Xcode 14.0";
			developmentRegion = en;
			hasScannedForEncodings = 0;
			knownRegions = (
				en,
				Base,
			);
			mainGroup = 1660EE712C3EA3DB001FE105;
			productRefGroup = 1660EE7B2C3EA3DB001FE105 /* Products */;
			projectDirPath = "";
			projectRoot = "";
			targets = (
				1660EE792C3EA3DB001FE105 /* DOW-Set */,
			);
		};
/* End PBXProject section */

/* Begin PBXResourcesBuildPhase section */
		1660EE782C3EA3DB001FE105 /* Resources */ = {
			isa = PBXResourcesBuildPhase;
			buildActionMask = 2147483647;
			files = (
				1660EEB02C3EA48F001FE105 /* Assets.xcassets in Resources */,
				1660EEA82C3EA48F001FE105 /* Preview Assets.xcassets in Resources */,
			);
			runOnlyForDeploymentPostprocessing = 0;
		};
/* End PBXResourcesBuildPhase section */

/* Begin PBXSourcesBuildPhase section */
		1660EE762C3EA3DB001FE105 /* Sources */ = {
			isa = PBXSourcesBuildPhase;
			buildActionMask = 2147483647;
			files = (
				1660EEA92C3EA48F001FE105 /* Diamonds.swift in Sources */,
				1660EEB42C3EA48F001FE105 /* TheDeckBuilder.swift in Sources */,
				1660EEAF2C3EA48F001FE105 /* TheDeck.swift in Sources */,
				1660EEA62C3EA48F001FE105 /* EnumOfFillings.swift in Sources */,
				1660EEB32C3EA48F001FE105 /* Model.swift in Sources */,
				1660EEAD2C3EA48F001FE105 /* AspectVGrid.swift in Sources */,
				1660EEB52C3EA48F001FE105 /* ViewModel.swift in Sources */,
				1660EEB22C3EA48F001FE105 /* DOW_SetApp.swift in Sources */,
				1660EEA72C3EA48F001FE105 /* EnumOfShape.swift in Sources */,
				1660EEAC2C3EA48F001FE105 /* AddButton.swift in Sources */,
				1660EEB12C3EA48F001FE105 /* ContentView.swift in Sources */,
				1660EEAB2C3EA48F001FE105 /* Waves.swift in Sources */,
				1660EEAE2C3EA48F001FE105 /* CardView.swift in Sources */,
				1660EEAA2C3EA48F001FE105 /* Oval.swift in Sources */,
			);
			runOnlyForDeploymentPostprocessing = 0;
		};
/* End PBXSourcesBuildPhase section */

/* Begin XCBuildConfiguration section */
		1660EE862C3EA3DD001FE105 /* Debug */ = {
			isa = XCBuildConfiguration;
			buildSettings = {
				ALWAYS_SEARCH_USER_PATHS = NO;
				ASSETCATALOG_COMPILER_GENERATE_SWIFT_ASSET_SYMBOL_EXTENSIONS = YES;
				CLANG_ANALYZER_NONNULL = YES;
				CLANG_ANALYZER_NUMBER_OBJECT_CONVERSION = YES_AGGRESSIVE;
				CLANG_CXX_LANGUAGE_STANDARD = "gnu++20";
				CLANG_ENABLE_MODULES = YES;
				CLANG_ENABLE_OBJC_ARC = YES;
				CLANG_ENABLE_OBJC_WEAK = YES;
				CLANG_WARN_BLOCK_CAPTURE_AUTORELEASING = YES;
				CLANG_WARN_BOOL_CONVERSION = YES;
				CLANG_WARN_COMMA = YES;
				CLANG_WARN_CONSTANT_CONVERSION = YES;
				CLANG_WARN_DEPRECATED_OBJC_IMPLEMENTATIONS = YES;
				CLANG_WARN_DIRECT_OBJC_ISA_USAGE = YES_ERROR;
				CLANG_WARN_DOCUMENTATION_COMMENTS = YES;
				CLANG_WARN_EMPTY_BODY = YES;
				CLANG_WARN_ENUM_CONVERSION = YES;
				CLANG_WARN_INFINITE_RECURSION = YES;
				CLANG_WARN_INT_CONVERSION = YES;
				CLANG_WARN_NON_LITERAL_NULL_CONVERSION = YES;
				CLANG_WARN_OBJC_IMPLICIT_RETAIN_SELF = YES;
				CLANG_WARN_OBJC_LITERAL_CONVERSION = YES;
				CLANG_WARN_OBJC_ROOT_CLASS = YES_ERROR;
				CLANG_WARN_QUOTED_INCLUDE_IN_FRAMEWORK_HEADER = YES;
				CLANG_WARN_RANGE_LOOP_ANALYSIS = YES;
				CLANG_WARN_STRICT_PROTOTYPES = YES;
				CLANG_WARN_SUSPICIOUS_MOVE = YES;
				CLANG_WARN_UNGUARDED_AVAILABILITY = YES_AGGRESSIVE;
				CLANG_WARN_UNREACHABLE_CODE = YES;
				CLANG_WARN__DUPLICATE_METHOD_MATCH = YES;
				COPY_PHASE_STRIP = NO;
				DEBUG_INFORMATION_FORMAT = dwarf;
				ENABLE_STRICT_OBJC_MSGSEND = YES;
				ENABLE_TESTABILITY = YES;
				ENABLE_USER_SCRIPT_SANDBOXING = YES;
				GCC_C_LANGUAGE_STANDARD = gnu17;
				GCC_DYNAMIC_NO_PIC = NO;
				GCC_NO_COMMON_BLOCKS = YES;
				GCC_OPTIMIZATION_LEVEL = 0;
				GCC_PREPROCESSOR_DEFINITIONS = (
					"DEBUG=1",
					"$(inherited)",
				);
				GCC_WARN_64_TO_32_BIT_CONVERSION = YES;
				GCC_WARN_ABOUT_RETURN_TYPE = YES_ERROR;
				GCC_WARN_UNDECLARED_SELECTOR = YES;
				GCC_WARN_UNINITIALIZED_AUTOS = YES_AGGRESSIVE;
				GCC_WARN_UNUSED_FUNCTION = YES;
				GCC_WARN_UNUSED_VARIABLE = YES;
				IPHONEOS_DEPLOYMENT_TARGET = 17.4;
				LOCALIZATION_PREFERS_STRING_CATALOGS = YES;
				MTL_ENABLE_DEBUG_INFO = INCLUDE_SOURCE;
				MTL_FAST_MATH = YES;
				ONLY_ACTIVE_ARCH = YES;
				SDKROOT = iphoneos;
				SWIFT_ACTIVE_COMPILATION_CONDITIONS = "DEBUG $(inherited)";
				SWIFT_OPTIMIZATION_LEVEL = "-Onone";
			};
			name = Debug;
		};
		1660EE872C3EA3DD001FE105 /* Release */ = {
			isa = XCBuildConfiguration;
			buildSettings = {
				ALWAYS_SEARCH_USER_PATHS = NO;
				ASSETCATALOG_COMPILER_GENERATE_SWIFT_ASSET_SYMBOL_EXTENSIONS = YES;
				CLANG_ANALYZER_NONNULL = YES;
				CLANG_ANALYZER_NUMBER_OBJECT_CONVERSION = YES_AGGRESSIVE;
				CLANG_CXX_LANGUAGE_STANDARD = "gnu++20";
				CLANG_ENABLE_MODULES = YES;
				CLANG_ENABLE_OBJC_ARC = YES;
				CLANG_ENABLE_OBJC_WEAK = YES;
				CLANG_WARN_BLOCK_CAPTURE_AUTORELEASING = YES;
				CLANG_WARN_BOOL_CONVERSION = YES;
				CLANG_WARN_COMMA = YES;
				CLANG_WARN_CONSTANT_CONVERSION = YES;
				CLANG_WARN_DEPRECATED_OBJC_IMPLEMENTATIONS = YES;
				CLANG_WARN_DIRECT_OBJC_ISA_USAGE = YES_ERROR;
				CLANG_WARN_DOCUMENTATION_COMMENTS = YES;
				CLANG_WARN_EMPTY_BODY = YES;
				CLANG_WARN_ENUM_CONVERSION = YES;
				CLANG_WARN_INFINITE_RECURSION = YES;
				CLANG_WARN_INT_CONVERSION = YES;
				CLANG_WARN_NON_LITERAL_NULL_CONVERSION = YES;
				CLANG_WARN_OBJC_IMPLICIT_RETAIN_SELF = YES;
				CLANG_WARN_OBJC_LITERAL_CONVERSION = YES;
				CLANG_WARN_OBJC_ROOT_CLASS = YES_ERROR;
				CLANG_WARN_QUOTED_INCLUDE_IN_FRAMEWORK_HEADER = YES;
				CLANG_WARN_RANGE_LOOP_ANALYSIS = YES;
				CLANG_WARN_STRICT_PROTOTYPES = YES;
				CLANG_WARN_SUSPICIOUS_MOVE = YES;
				CLANG_WARN_UNGUARDED_AVAILABILITY = YES_AGGRESSIVE;
				CLANG_WARN_UNREACHABLE_CODE = YES;
				CLANG_WARN__DUPLICATE_METHOD_MATCH = YES;
				COPY_PHASE_STRIP = NO;
				DEBUG_INFORMATION_FORMAT = "dwarf-with-dsym";
				ENABLE_NS_ASSERTIONS = NO;
				ENABLE_STRICT_OBJC_MSGSEND = YES;
				ENABLE_USER_SCRIPT_SANDBOXING = YES;
				GCC_C_LANGUAGE_STANDARD = gnu17;
				GCC_NO_COMMON_BLOCKS = YES;
				GCC_WARN_64_TO_32_BIT_CONVERSION = YES;
				GCC_WARN_ABOUT_RETURN_TYPE = YES_ERROR;
				GCC_WARN_UNDECLARED_SELECTOR = YES;
				GCC_WARN_UNINITIALIZED_AUTOS = YES_AGGRESSIVE;
				GCC_WARN_UNUSED_FUNCTION = YES;
				GCC_WARN_UNUSED_VARIABLE = YES;
				IPHONEOS_DEPLOYMENT_TARGET = 17.4;
				LOCALIZATION_PREFERS_STRING_CATALOGS = YES;
				MTL_ENABLE_DEBUG_INFO = NO;
				MTL_FAST_MATH = YES;
				SDKROOT = iphoneos;
				SWIFT_COMPILATION_MODE = wholemodule;
				VALIDATE_PRODUCT = YES;
			};
			name = Release;
		};
		1660EE892C3EA3DD001FE105 /* Debug */ = {
			isa = XCBuildConfiguration;
			buildSettings = {
				ASSETCATALOG_COMPILER_APPICON_NAME = AppIcon;
				ASSETCATALOG_COMPILER_GLOBAL_ACCENT_COLOR_NAME = AccentColor;
				CODE_SIGN_STYLE = Automatic;
				CURRENT_PROJECT_VERSION = 1;
				DEVELOPMENT_ASSET_PATHS = "\"DOW-Set/Preview Content\"";
				ENABLE_PREVIEWS = YES;
				GENERATE_INFOPLIST_FILE = YES;
				INFOPLIST_KEY_UIApplicationSceneManifest_Generation = YES;
				INFOPLIST_KEY_UIApplicationSupportsIndirectInputEvents = YES;
				INFOPLIST_KEY_UILaunchScreen_Generation = YES;
				INFOPLIST_KEY_UISupportedInterfaceOrientations_iPad = "UIInterfaceOrientationPortrait UIInterfaceOrientationPortraitUpsideDown UIInterfaceOrientationLandscapeLeft UIInterfaceOrientationLandscapeRight";
				INFOPLIST_KEY_UISupportedInterfaceOrientations_iPhone = "UIInterfaceOrientationPortrait UIInterfaceOrientationLandscapeLeft UIInterfaceOrientationLandscapeRight";
				LD_RUNPATH_SEARCH_PATHS = (
					"$(inherited)",
					"@executable_path/Frameworks",
				);
				MARKETING_VERSION = 1.0;
				PRODUCT_BUNDLE_IDENTIFIER = "DenisNktn.DOW-Set";
				PRODUCT_NAME = "$(TARGET_NAME)";
				SWIFT_EMIT_LOC_STRINGS = YES;
				SWIFT_VERSION = 5.0;
				TARGETED_DEVICE_FAMILY = "1,2";
			};
			name = Debug;
		};
		1660EE8A2C3EA3DD001FE105 /* Release */ = {
			isa = XCBuildConfiguration;
			buildSettings = {
				ASSETCATALOG_COMPILER_APPICON_NAME = AppIcon;
				ASSETCATALOG_COMPILER_GLOBAL_ACCENT_COLOR_NAME = AccentColor;
				CODE_SIGN_STYLE = Automatic;
				CURRENT_PROJECT_VERSION = 1;
				DEVELOPMENT_ASSET_PATHS = "\"DOW-Set/Preview Content\"";
				ENABLE_PREVIEWS = YES;
				GENERATE_INFOPLIST_FILE = YES;
				INFOPLIST_KEY_UIApplicationSceneManifest_Generation = YES;
				INFOPLIST_KEY_UIApplicationSupportsIndirectInputEvents = YES;
				INFOPLIST_KEY_UILaunchScreen_Generation = YES;
				INFOPLIST_KEY_UISupportedInterfaceOrientations_iPad = "UIInterfaceOrientationPortrait UIInterfaceOrientationPortraitUpsideDown UIInterfaceOrientationLandscapeLeft UIInterfaceOrientationLandscapeRight";
				INFOPLIST_KEY_UISupportedInterfaceOrientations_iPhone = "UIInterfaceOrientationPortrait UIInterfaceOrientationLandscapeLeft UIInterfaceOrientationLandscapeRight";
				LD_RUNPATH_SEARCH_PATHS = (
					"$(inherited)",
					"@executable_path/Frameworks",
				);
				MARKETING_VERSION = 1.0;
				PRODUCT_BUNDLE_IDENTIFIER = "DenisNktn.DOW-Set";
				PRODUCT_NAME = "$(TARGET_NAME)";
				SWIFT_EMIT_LOC_STRINGS = YES;
				SWIFT_VERSION = 5.0;
				TARGETED_DEVICE_FAMILY = "1,2";
			};
			name = Release;
		};
/* End XCBuildConfiguration section */

/* Begin XCConfigurationList section */
		1660EE752C3EA3DB001FE105 /* Build configuration list for PBXProject "DOW-Set" */ = {
			isa = XCConfigurationList;
			buildConfigurations = (
				1660EE862C3EA3DD001FE105 /* Debug */,
				1660EE872C3EA3DD001FE105 /* Release */,
			);
			defaultConfigurationIsVisible = 0;
			defaultConfigurationName = Release;
		};
		1660EE882C3EA3DD001FE105 /* Build configuration list for PBXNativeTarget "DOW-Set" */ = {
			isa = XCConfigurationList;
			buildConfigurations = (
				1660EE892C3EA3DD001FE105 /* Debug */,
				1660EE8A2C3EA3DD001FE105 /* Release */,
			);
			defaultConfigurationIsVisible = 0;
			defaultConfigurationName = Release;
		};
/* End XCConfigurationList section */
	};
	rootObject = 1660EE722C3EA3DB001FE105 /* Project object */;
}
